
Microsoft Visual Studio Solution File, Format Version 12.00
# Visual Studio Version 17
VisualStudioVersion = 17.14.36414.22
MinimumVisualStudioVersion = 10.0.40219.1
Project("{2150E333-8FDC-42A3-9474-1A3956D46DE8}") = "src", "src", "{02EA681E-C7D8-13C7-8484-4AC65E1B71E8}"
EndProject
Project("{2150E333-8FDC-42A3-9474-1A3956D46DE8}") = "samples", "samples", "{A1330E53-9596-475B-9100-B6F8EC315763}"
EndProject
Project("{FAE04EC0-301F-11D3-BF4B-00C04F79EFBC}") = "ImageViewport.Demo.Wpf", "ImageViewport.Demo.Wpf\ImageViewport.Demo.Wpf.csproj", "{7ED8BA28-1FCE-47EB-AD28-344704483B4F}"
EndProject
Project("{FAE04EC0-301F-11D3-BF4B-00C04F79EFBC}") = "MUI.Controls.ImageViewport", "MUI.Controls.ImageViewport\MUI.Controls.ImageViewport.csproj", "{CDAC3014-CC49-45E2-AD5C-557E73BA6F12}"
EndProject
Global
	GlobalSection(SolutionConfigurationPlatforms) = preSolution
		Debug|Any CPU = Debug|Any CPU
		Release|Any CPU = Release|Any CPU
	EndGlobalSection
	GlobalSection(ProjectConfigurationPlatforms) = postSolution
		{7ED8BA28-1FCE-47EB-AD28-344704483B4F}.Debug|Any CPU.ActiveCfg = Debug|Any CPU
		{7ED8BA28-1FCE-47EB-AD28-344704483B4F}.Debug|Any CPU.Build.0 = Debug|Any CPU
		{7ED8BA28-1FCE-47EB-AD28-344704483B4F}.Release|Any CPU.ActiveCfg = Release|Any CPU
		{7ED8BA28-1FCE-47EB-AD28-344704483B4F}.Release|Any CPU.Build.0 = Release|Any CPU
		{CDAC3014-CC49-45E2-AD5C-557E73BA6F12}.Debug|Any CPU.ActiveCfg = Debug|Any CPU
		{CDAC3014-CC49-45E2-AD5C-557E73BA6F12}.Debug|Any CPU.Build.0 = Debug|Any CPU
		{CDAC3014-CC49-45E2-AD5C-557E73BA6F12}.Release|Any CPU.ActiveCfg = Release|Any CPU
		{CDAC3014-CC49-45E2-AD5C-557E73BA6F12}.Release|Any CPU.Build.0 = Release|Any CPU
	EndGlobalSection
	GlobalSection(SolutionProperties) = preSolution
		HideSolutionNode = FALSE
	EndGlobalSection
	GlobalSection(NestedProjects) = preSolution
		{7ED8BA28-1FCE-47EB-AD28-344704483B4F} = {A1330E53-9596-475B-9100-B6F8EC315763}
		{CDAC3014-CC49-45E2-AD5C-557E73BA6F12} = {02EA681E-C7D8-13C7-8484-4AC65E1B71E8}
	EndGlobalSection
	GlobalSection(ExtensibilityGlobals) = postSolution
		SolutionGuid = {69A4F4C0-0EBC-4FAD-ABBE-50DC0F6622BF}
	EndGlobalSection
EndGlobal
